
Microsoft Visual Studio Solution File, Format Version 12.00
# Visual Studio Version 17
VisualStudioVersion = 17.9.34714.143
MinimumVisualStudioVersion = 10.0.40219.1
Project("{FAE04EC0-301F-11D3-BF4B-00C04F79EFBC}") = "CSAdv", "CSAdv\CSAdv.csproj", "{AC122548-1106-48F3-A5F3-C227721EE5FA}"
EndProject
Global
	GlobalSection(SolutionConfigurationPlatforms) = preSolution
		Debug|Any CPU = Debug|Any CPU
		Release|Any CPU = Release|Any CPU
	EndGlobalSection
	GlobalSection(ProjectConfigurationPlatforms) = postSolution
		{AC122548-1106-48F3-A5F3-C227721EE5FA}.Debug|Any CPU.ActiveCfg = Debug|Any CPU
		{AC122548-1106-48F3-A5F3-C227721EE5FA}.Debug|Any CPU.Build.0 = Debug|Any CPU
		{AC122548-1106-48F3-A5F3-C227721EE5FA}.Release|Any CPU.ActiveCfg = Release|Any CPU
		{AC122548-1106-48F3-A5F3-C227721EE5FA}.Release|Any CPU.Build.0 = Release|Any CPU
	EndGlobalSection
	GlobalSection(SolutionProperties) = preSolution
		HideSolutionNode = FALSE
	EndGlobalSection
	GlobalSection(ExtensibilityGlobals) = postSolution
		SolutionGuid = {D029C332-5DE4-474D-BB48-62D68A9C56E7}
	EndGlobalSection
EndGlobal
